
Microsoft Visual Studio Solution File, Format Version 12.00
# Visual Studio Version 17
VisualStudioVersion = 17.8.34219.65
MinimumVisualStudioVersion = 10.0.40219.1
Project("{FAE04EC0-301F-11D3-BF4B-00C04F79EFBC}") = "HotkeyButler", "..\KeyBindingButlerFrameWork\HotkeyButler.csproj", "{49700ACC-7927-463E-A401-3144660034E1}"
EndProject
Project("{FAE04EC0-301F-11D3-BF4B-00C04F79EFBC}") = "JohnBPearson.KeyBindingButler.Model", "..\JohnBPearson.KeyBindingButler.Model\JohnBPearson.KeyBindingButler.Model.csproj", "{45ED5872-A9F3-497C-8A12-753D1A22A9F2}"
EndProject
Project("{FAE04EC0-301F-11D3-BF4B-00C04F79EFBC}") = "JohnBPearson.Windows.Interop", "..\JohnBPearson.Windows.Interop\JohnBPearson.Windows.Interop.csproj", "{C2EB5A3E-9528-47CD-BB07-B0F924239A77}"
EndProject
Project("{FAE04EC0-301F-11D3-BF4B-00C04F79EFBC}") = "Extension", "..\Extension\Extension.csproj", "{B8D5FFA8-80E3-447D-AE07-DA86AF72F206}"
EndProject
Project("{FAE04EC0-301F-11D3-BF4B-00C04F79EFBC}") = "JohnBPearson.Windows.Forms.Controls", "..\Controls\JohnBPearson.Windows.Forms.Controls\JohnBPearson.Windows.Forms.Controls.csproj", "{290F3E29-9012-4A41-AE60-993DBC62C716}"
EndProject
Global
	GlobalSection(SolutionConfigurationPlatforms) = preSolution
		Debug|Any CPU = Debug|Any CPU
		Release|Any CPU = Release|Any CPU
	EndGlobalSection
	GlobalSection(ProjectConfigurationPlatforms) = postSolution
		{49700ACC-7927-463E-A401-3144660034E1}.Debug|Any CPU.ActiveCfg = Debug|Any CPU
		{49700ACC-7927-463E-A401-3144660034E1}.Debug|Any CPU.Build.0 = Debug|Any CPU
		{49700ACC-7927-463E-A401-3144660034E1}.Release|Any CPU.ActiveCfg = Release|Any CPU
		{49700ACC-7927-463E-A401-3144660034E1}.Release|Any CPU.Build.0 = Release|Any CPU
		{45ED5872-A9F3-497C-8A12-753D1A22A9F2}.Debug|Any CPU.ActiveCfg = Debug|Any CPU
		{45ED5872-A9F3-497C-8A12-753D1A22A9F2}.Debug|Any CPU.Build.0 = Debug|Any CPU
		{45ED5872-A9F3-497C-8A12-753D1A22A9F2}.Release|Any CPU.ActiveCfg = Release|Any CPU
		{45ED5872-A9F3-497C-8A12-753D1A22A9F2}.Release|Any CPU.Build.0 = Release|Any CPU
		{C2EB5A3E-9528-47CD-BB07-B0F924239A77}.Debug|Any CPU.ActiveCfg = Debug|Any CPU
		{C2EB5A3E-9528-47CD-BB07-B0F924239A77}.Debug|Any CPU.Build.0 = Debug|Any CPU
		{C2EB5A3E-9528-47CD-BB07-B0F924239A77}.Release|Any CPU.ActiveCfg = Release|Any CPU
		{C2EB5A3E-9528-47CD-BB07-B0F924239A77}.Release|Any CPU.Build.0 = Release|Any CPU
		{B8D5FFA8-80E3-447D-AE07-DA86AF72F206}.Debug|Any CPU.ActiveCfg = Debug|Any CPU
		{B8D5FFA8-80E3-447D-AE07-DA86AF72F206}.Debug|Any CPU.Build.0 = Debug|Any CPU
		{B8D5FFA8-80E3-447D-AE07-DA86AF72F206}.Release|Any CPU.ActiveCfg = Release|Any CPU
		{B8D5FFA8-80E3-447D-AE07-DA86AF72F206}.Release|Any CPU.Build.0 = Release|Any CPU
		{290F3E29-9012-4A41-AE60-993DBC62C716}.Debug|Any CPU.ActiveCfg = Debug|Any CPU
		{290F3E29-9012-4A41-AE60-993DBC62C716}.Debug|Any CPU.Build.0 = Debug|Any CPU
		{290F3E29-9012-4A41-AE60-993DBC62C716}.Release|Any CPU.ActiveCfg = Release|Any CPU
		{290F3E29-9012-4A41-AE60-993DBC62C716}.Release|Any CPU.Build.0 = Release|Any CPU
	EndGlobalSection
	GlobalSection(SolutionProperties) = preSolution
		HideSolutionNode = FALSE
	EndGlobalSection
	GlobalSection(ExtensibilityGlobals) = postSolution
		SolutionGuid = {DCBCAE66-BF86-4EF2-AA81-9E5F22B5F17E}
	EndGlobalSection
EndGlobal
